
Microsoft Visual Studio Solution File, Format Version 12.00
# Visual Studio 2013
VisualStudioVersion = 12.0.21005.1
MinimumVisualStudioVersion = 10.0.40219.1
Project("{FAE04EC0-301F-11D3-BF4B-00C04F79EFBC}") = "weddingwebsite", "weddingwebsite\weddingwebsite.csproj", "{5B29D30C-1BDB-40AB-8620-591315C92FD5}"
EndProject
Project("{FAE04EC0-301F-11D3-BF4B-00C04F79EFBC}") = "weddingwebsite.Tests", "weddingwebsite.Tests\weddingwebsite.Tests.csproj", "{04A50D21-91BB-4933-800D-7D7E850DD171}"
EndProject
Global
	GlobalSection(SolutionConfigurationPlatforms) = preSolution
		Debug|Any CPU = Debug|Any CPU
		Release|Any CPU = Release|Any CPU
	EndGlobalSection
	GlobalSection(ProjectConfigurationPlatforms) = postSolution
		{5B29D30C-1BDB-40AB-8620-591315C92FD5}.Debug|Any CPU.ActiveCfg = Debug|Any CPU
		{5B29D30C-1BDB-40AB-8620-591315C92FD5}.Debug|Any CPU.Build.0 = Debug|Any CPU
		{5B29D30C-1BDB-40AB-8620-591315C92FD5}.Release|Any CPU.ActiveCfg = Release|Any CPU
		{5B29D30C-1BDB-40AB-8620-591315C92FD5}.Release|Any CPU.Build.0 = Release|Any CPU
		{04A50D21-91BB-4933-800D-7D7E850DD171}.Debug|Any CPU.ActiveCfg = Debug|Any CPU
		{04A50D21-91BB-4933-800D-7D7E850DD171}.Debug|Any CPU.Build.0 = Debug|Any CPU
		{04A50D21-91BB-4933-800D-7D7E850DD171}.Release|Any CPU.ActiveCfg = Release|Any CPU
		{04A50D21-91BB-4933-800D-7D7E850DD171}.Release|Any CPU.Build.0 = Release|Any CPU
	EndGlobalSection
	GlobalSection(SolutionProperties) = preSolution
		HideSolutionNode = FALSE
	EndGlobalSection
EndGlobal
